
Microsoft Visual Studio Solution File, Format Version 12.00
# Visual Studio Version 17
VisualStudioVersion = 17.13.35818.85
MinimumVisualStudioVersion = 10.0.40219.1
Project("{FAE04EC0-301F-11D3-BF4B-00C04F79EFBC}") = "TaskManager", "TaskManager.csproj", "{E0230E01-8185-4249-B555-BA71B14ED14A}"
EndProject
Project("{FAE04EC0-301F-11D3-BF4B-00C04F79EFBC}") = "TaskManagerTest", "..\TaskManagerTest\TaskManagerTest.csproj", "{509DA645-8BAD-4E95-BB2C-810E1B4B2638}"
EndProject
Global
	GlobalSection(SolutionConfigurationPlatforms) = preSolution
		Debug|Any CPU = Debug|Any CPU
		Release|Any CPU = Release|Any CPU
	EndGlobalSection
	GlobalSection(ProjectConfigurationPlatforms) = postSolution
		{E0230E01-8185-4249-B555-BA71B14ED14A}.Debug|Any CPU.ActiveCfg = Debug|Any CPU
		{E0230E01-8185-4249-B555-BA71B14ED14A}.Debug|Any CPU.Build.0 = Debug|Any CPU
		{E0230E01-8185-4249-B555-BA71B14ED14A}.Release|Any CPU.ActiveCfg = Release|Any CPU
		{E0230E01-8185-4249-B555-BA71B14ED14A}.Release|Any CPU.Build.0 = Release|Any CPU
		{509DA645-8BAD-4E95-BB2C-810E1B4B2638}.Debug|Any CPU.ActiveCfg = Debug|Any CPU
		{509DA645-8BAD-4E95-BB2C-810E1B4B2638}.Debug|Any CPU.Build.0 = Debug|Any CPU
		{509DA645-8BAD-4E95-BB2C-810E1B4B2638}.Release|Any CPU.ActiveCfg = Release|Any CPU
		{509DA645-8BAD-4E95-BB2C-810E1B4B2638}.Release|Any CPU.Build.0 = Release|Any CPU
	EndGlobalSection
	GlobalSection(SolutionProperties) = preSolution
		HideSolutionNode = FALSE
	EndGlobalSection
	GlobalSection(ExtensibilityGlobals) = postSolution
		SolutionGuid = {8D2ACC08-D4C8-4327-BC3C-0F603DACFAC3}
	EndGlobalSection
EndGlobal
